// !$*UTF8*$!
{
	archiveVersion = 1;
	classes = {
	};
	objectVersion = 46;
	objects = {

/* Begin PBXBuildFile section */
		B772C0A31BC5ED4D00000ECF /* AppDelegate.swift in Sources */ = {isa = PBXBuildFile; fileRef = B772C0A21BC5ED4D00000ECF /* AppDelegate.swift */; };
		B772C0A51BC5ED4D00000ECF /* ViewController.swift in Sources */ = {isa = PBXBuildFile; fileRef = B772C0A41BC5ED4D00000ECF /* ViewController.swift */; };
		B772C0A81BC5ED4E00000ECF /* Main.storyboard in Resources */ = {isa = PBXBuildFile; fileRef = B772C0A61BC5ED4E00000ECF /* Main.storyboard */; };
		B772C0AB1BC5ED4E00000ECF /* BysGameStats.xcdatamodeld in Sources */ = {isa = PBXBuildFile; fileRef = B772C0A91BC5ED4E00000ECF /* BysGameStats.xcdatamodeld */; };
		B772C0AD1BC5ED4E00000ECF /* Assets.xcassets in Resources */ = {isa = PBXBuildFile; fileRef = B772C0AC1BC5ED4E00000ECF /* Assets.xcassets */; };
		B772C0B01BC5ED4E00000ECF /* LaunchScreen.storyboard in Resources */ = {isa = PBXBuildFile; fileRef = B772C0AE1BC5ED4E00000ECF /* LaunchScreen.storyboard */; };
/* End PBXBuildFile section */

/* Begin PBXFileReference section */
		B772C09F1BC5ED4D00000ECF /* BysGameStats.app */ = {isa = PBXFileReference; explicitFileType = wrapper.application; includeInIndex = 0; path = BysGameStats.app; sourceTree = BUILT_PRODUCTS_DIR; };
		B772C0A21BC5ED4D00000ECF /* AppDelegate.swift */ = {isa = PBXFileReference; lastKnownFileType = sourcecode.swift; path = AppDelegate.swift; sourceTree = "<group>"; };
		B772C0A41BC5ED4D00000ECF /* ViewController.swift */ = {isa = PBXFileReference; lastKnownFileType = sourcecode.swift; path = ViewController.swift; sourceTree = "<group>"; };
		B772C0A71BC5ED4E00000ECF /* Base */ = {isa = PBXFileReference; lastKnownFileType = file.storyboard; name = Base; path = Base.lproj/Main.storyboard; sourceTree = "<group>"; };
		B772C0AA1BC5ED4E00000ECF /* BysGameStats.xcdatamodel */ = {isa = PBXFileReference; lastKnownFileType = wrapper.xcdatamodel; path = BysGameStats.xcdatamodel; sourceTree = "<group>"; };
		B772C0AC1BC5ED4E00000ECF /* Assets.xcassets */ = {isa = PBXFileReference; lastKnownFileType = folder.assetcatalog; path = Assets.xcassets; sourceTree = "<group>"; };
		B772C0AF1BC5ED4E00000ECF /* Base */ = {isa = PBXFileReference; lastKnownFileType = file.storyboard; name = Base; path = Base.lproj/LaunchScreen.storyboard; sourceTree = "<group>"; };
		B772C0B11BC5ED4E00000ECF /* Info.plist */ = {isa = PBXFileReference; lastKnownFileType = text.plist.xml; path = Info.plist; sourceTree = "<group>"; };
/* End PBXFileReference section */

/* Begin PBXFrameworksBuildPhase section */
		B772C09C1BC5ED4D00000ECF /* Frameworks */ = {
			isa = PBXFrameworksBuildPhase;
			buildActionMask = 2147483647;
			files = (
			);
			runOnlyForDeploymentPostprocessing = 0;
		};
/* End PBXFrameworksBuildPhase section */

/* Begin PBXGroup section */
		B772C0961BC5ED4D00000ECF = {
			isa = PBXGroup;
			children = (
				B772C0A11BC5ED4D00000ECF /* BysGameStats */,
				B772C0A01BC5ED4D00000ECF /* Products */,
			);
			sourceTree = "<group>";
		};
		B772C0A01BC5ED4D00000ECF /* Products */ = {
			isa = PBXGroup;
			children = (
				B772C09F1BC5ED4D00000ECF /* BysGameStats.app */,
			);
			name = Products;
			sourceTree = "<group>";
		};
		B772C0A11BC5ED4D00000ECF /* BysGameStats */ = {
			isa = PBXGroup;
			children = (
				B772C0A21BC5ED4D00000ECF /* AppDelegate.swift */,
				B772C0A41BC5ED4D00000ECF /* ViewController.swift */,
				B772C0A61BC5ED4E00000ECF /* Main.storyboard */,
				B772C0AC1BC5ED4E00000ECF /* Assets.xcassets */,
				B772C0AE1BC5ED4E00000ECF /* LaunchScreen.storyboard */,
				B772C0B11BC5ED4E00000ECF /* Info.plist */,
				B772C0A91BC5ED4E00000ECF /* BysGameStats.xcdatamodeld */,
			);
			path = BysGameStats;
			sourceTree = "<group>";
		};
/* End PBXGroup section */

/* Begin PBXNativeTarget section */
		B772C09E1BC5ED4D00000ECF /* BysGameStats */ = {
			isa = PBXNativeTarget;
			buildConfigurationList = B772C0B41BC5ED4E00000ECF /* Build configuration list for PBXNativeTarget "BysGameStats" */;
			buildPhases = (
				B772C09B1BC5ED4D00000ECF /* Sources */,
				B772C09C1BC5ED4D00000ECF /* Frameworks */,
				B772C09D1BC5ED4D00000ECF /* Resources */,
			);
			buildRules = (
			);
			dependencies = (
			);
			name = BysGameStats;
			productName = BysGameStats;
			productReference = B772C09F1BC5ED4D00000ECF /* BysGameStats.app */;
			productType = "com.apple.product-type.application";
		};
/* End PBXNativeTarget section */

/* Begin PBXProject section */
		B772C0971BC5ED4D00000ECF /* Project object */ = {
			isa = PBXProject;
			attributes = {
				LastUpgradeCheck = 0700;
				ORGANIZATIONNAME = "James Tench";
				TargetAttributes = {
					B772C09E1BC5ED4D00000ECF = {
						CreatedOnToolsVersion = 7.0;
						DevelopmentTeam = GPC39J93GH;
					};
				};
			};
			buildConfigurationList = B772C09A1BC5ED4D00000ECF /* Build configuration list for PBXProject "BysGameStats" */;
			compatibilityVersion = "Xcode 3.2";
			developmentRegion = English;
			hasScannedForEncodings = 0;
			knownRegions = (
				en,
				Base,
			);
			mainGroup = B772C0961BC5ED4D00000ECF;
			productRefGroup = B772C0A01BC5ED4D00000ECF /* Products */;
			projectDirPath = "";
			projectRoot = "";
			targets = (
				B772C09E1BC5ED4D00000ECF /* BysGameStats */,
			);
		};
/* End PBXProject section */

/* Begin PBXResourcesBuildPhase section */
		B772C09D1BC5ED4D00000ECF /* Resources */ = {
			isa = PBXResourcesBuildPhase;
			buildActionMask = 2147483647;
			files = (
				B772C0B01BC5ED4E00000ECF /* LaunchScreen.storyboard in Resources */,
				B772C0AD1BC5ED4E00000ECF /* Assets.xcassets in Resources */,
				B772C0A81BC5ED4E00000ECF /* Main.storyboard in Resources */,
			);
			runOnlyForDeploymentPostprocessing = 0;
		};
/* End PBXResourcesBuildPhase section */

/* Begin PBXSourcesBuildPhase section */
		B772C09B1BC5ED4D00000ECF /* Sources */ = {
			isa = PBXSourcesBuildPhase;
			buildActionMask = 2147483647;
			files = (
				B772C0A51BC5ED4D00000ECF /* ViewController.swift in Sources */,
				B772C0A31BC5ED4D00000ECF /* AppDelegate.swift in Sources */,
				B772C0AB1BC5ED4E00000ECF /* BysGameStats.xcdatamodeld in Sources */,
			);
			runOnlyForDeploymentPostprocessing = 0;
		};
/* End PBXSourcesBuildPhase section */

/* Begin PBXVariantGroup section */
		B772C0A61BC5ED4E00000ECF /* Main.storyboard */ = {
			isa = PBXVariantGroup;
			children = (
				B772C0A71BC5ED4E00000ECF /* Base */,
			);
			name = Main.storyboard;
			sourceTree = "<group>";
		};
		B772C0AE1BC5ED4E00000ECF /* LaunchScreen.storyboard */ = {
			isa = PBXVariantGroup;
			children = (
				B772C0AF1BC5ED4E00000ECF /* Base */,
			);
			name = LaunchScreen.storyboard;
			sourceTree = "<group>";
		};
/* End PBXVariantGroup section */

/* Begin XCBuildConfiguration section */
		B772C0B21BC5ED4E00000ECF /* Debug */ = {
			isa = XCBuildConfiguration;
			buildSettings = {
				ALWAYS_SEARCH_USER_PATHS = NO;
				CLANG_CXX_LANGUAGE_STANDARD = "gnu++0x";
				CLANG_CXX_LIBRARY = "libc++";
				CLANG_ENABLE_MODULES = YES;
				CLANG_ENABLE_OBJC_ARC = YES;
				CLANG_WARN_BOOL_CONVERSION = YES;
				CLANG_WARN_CONSTANT_CONVERSION = YES;
				CLANG_WARN_DIRECT_OBJC_ISA_USAGE = YES_ERROR;
				CLANG_WARN_EMPTY_BODY = YES;
				CLANG_WARN_ENUM_CONVERSION = YES;
				CLANG_WARN_INT_CONVERSION = YES;
				CLANG_WARN_OBJC_ROOT_CLASS = YES_ERROR;
				CLANG_WARN_UNREACHABLE_CODE = YES;
				CLANG_WARN__DUPLICATE_METHOD_MATCH = YES;
				"CODE_SIGN_IDENTITY[sdk=iphoneos*]" = "iPhone Developer";
				COPY_PHASE_STRIP = NO;
				DEBUG_INFORMATION_FORMAT = dwarf;
				ENABLE_STRICT_OBJC_MSGSEND = YES;
				ENABLE_TESTABILITY = YES;
				GCC_C_LANGUAGE_STANDARD = gnu99;
				GCC_DYNAMIC_NO_PIC = NO;
				GCC_NO_COMMON_BLOCKS = YES;
				GCC_OPTIMIZATION_LEVEL = 0;
				GCC_PREPROCESSOR_DEFINITIONS = (
					"DEBUG=1",
					"$(inherited)",
				);
				GCC_WARN_64_TO_32_BIT_CONVERSION = YES;
				GCC_WARN_ABOUT_RETURN_TYPE = YES_ERROR;
				GCC_WARN_UNDECLARED_SELECTOR = YES;
				GCC_WARN_UNINITIALIZED_AUTOS = YES_AGGRESSIVE;
				GCC_WARN_UNUSED_FUNCTION = YES;
				GCC_WARN_UNUSED_VARIABLE = YES;
				IPHONEOS_DEPLOYMENT_TARGET = 9.0;
				MTL_ENABLE_DEBUG_INFO = YES;
				ONLY_ACTIVE_ARCH = YES;
				SDKROOT = iphoneos;
				SWIFT_OPTIMIZATION_LEVEL = "-Onone";
				TARGETED_DEVICE_FAMILY = "1,2";
			};
			name = Debug;
		};
		B772C0B31BC5ED4E00000ECF /* Release */ = {
			isa = XCBuildConfiguration;
			buildSettings = {
				ALWAYS_SEARCH_USER_PATHS = NO;
				CLANG_CXX_LANGUAGE_STANDARD = "gnu++0x";
				CLANG_CXX_LIBRARY = "libc++";
				CLANG_ENABLE_MODULES = YES;
				CLANG_ENABLE_OBJC_ARC = YES;
				CLANG_WARN_BOOL_CONVERSION = YES;
				CLANG_WARN_CONSTANT_CONVERSION = YES;
				CLANG_WARN_DIRECT_OBJC_ISA_USAGE = YES_ERROR;
				CLANG_WARN_EMPTY_BODY = YES;
				CLANG_WARN_ENUM_CONVERSION = YES;
				CLANG_WARN_INT_CONVERSION = YES;
				CLANG_WARN_OBJC_ROOT_CLASS = YES_ERROR;
				CLANG_WARN_UNREACHABLE_CODE = YES;
				CLANG_WARN__DUPLICATE_METHOD_MATCH = YES;
				"CODE_SIGN_IDENTITY[sdk=iphoneos*]" = "iPhone Developer";
				COPY_PHASE_STRIP = NO;
				DEBUG_INFORMATION_FORMAT = "dwarf-with-dsym";
				ENABLE_NS_ASSERTIONS = NO;
				ENABLE_STRICT_OBJC_MSGSEND = YES;
				GCC_C_LANGUAGE_STANDARD = gnu99;
				GCC_NO_COMMON_BLOCKS = YES;
				GCC_WARN_64_TO_32_BIT_CONVERSION = YES;
				GCC_WARN_ABOUT_RETURN_TYPE = YES_ERROR;
				GCC_WARN_UNDECLARED_SELECTOR = YES;
				GCC_WARN_UNINITIALIZED_AUTOS = YES_AGGRESSIVE;
				GCC_WARN_UNUSED_FUNCTION = YES;
				GCC_WARN_UNUSED_VARIABLE = YES;
				IPHONEOS_DEPLOYMENT_TARGET = 9.0;
				MTL_ENABLE_DEBUG_INFO = NO;
				SDKROOT = iphoneos;
				TARGETED_DEVICE_FAMILY = "1,2";
				VALIDATE_PRODUCT = YES;
			};
			name = Release;
		};
		B772C0B51BC5ED4E00000ECF /* Debug */ = {
			isa = XCBuildConfiguration;
			buildSettings = {
				ASSETCATALOG_COMPILER_APPICON_NAME = AppIcon;
				INFOPLIST_FILE = BysGameStats/Info.plist;
				LD_RUNPATH_SEARCH_PATHS = "$(inherited) @executable_path/Frameworks";
				PRODUCT_BUNDLE_IDENTIFIER = com.tenchjames.BysGameStats;
				PRODUCT_NAME = "$(TARGET_NAME)";
			};
			name = Debug;
		};
		B772C0B61BC5ED4E00000ECF /* Release */ = {
			isa = XCBuildConfiguration;
			buildSettings = {
				ASSETCATALOG_COMPILER_APPICON_NAME = AppIcon;
				INFOPLIST_FILE = BysGameStats/Info.plist;
				LD_RUNPATH_SEARCH_PATHS = "$(inherited) @executable_path/Frameworks";
				PRODUCT_BUNDLE_IDENTIFIER = com.tenchjames.BysGameStats;
				PRODUCT_NAME = "$(TARGET_NAME)";
			};
			name = Release;
		};
/* End XCBuildConfiguration section */

/* Begin XCConfigurationList section */
		B772C09A1BC5ED4D00000ECF /* Build configuration list for PBXProject "BysGameStats" */ = {
			isa = XCConfigurationList;
			buildConfigurations = (
				B772C0B21BC5ED4E00000ECF /* Debug */,
				B772C0B31BC5ED4E00000ECF /* Release */,
			);
			defaultConfigurationIsVisible = 0;
			defaultConfigurationName = Release;
		};
		B772C0B41BC5ED4E00000ECF /* Build configuration list for PBXNativeTarget "BysGameStats" */ = {
			isa = XCConfigurationList;
			buildConfigurations = (
				B772C0B51BC5ED4E00000ECF /* Debug */,
				B772C0B61BC5ED4E00000ECF /* Release */,
			);
			defaultConfigurationIsVisible = 0;
		};
/* End XCConfigurationList section */

/* Begin XCVersionGroup section */
		B772C0A91BC5ED4E00000ECF /* BysGameStats.xcdatamodeld */ = {
			isa = XCVersionGroup;
			children = (
				B772C0AA1BC5ED4E00000ECF /* BysGameStats.xcdatamodel */,
			);
			currentVersion = B772C0AA1BC5ED4E00000ECF /* BysGameStats.xcdatamodel */;
			path = BysGameStats.xcdatamodeld;
			sourceTree = "<group>";
			versionGroupType = wrapper.xcdatamodel;
		};
/* End XCVersionGroup section */
	};
	rootObject = B772C0971BC5ED4D00000ECF /* Project object */;
}
