// !$*UTF8*$!
{
	archiveVersion = 1;
	classes = {
	};
	objectVersion = 46;
	objects = {

/* Begin PBXBuildFile section */
		B70F1EC81BF02DF70079ECB1 /* BYSPFLoginViewController.swift in Sources */ = {isa = PBXBuildFile; fileRef = B70F1EC71BF02DF70079ECB1 /* BYSPFLoginViewController.swift */; };
		B70F1ECA1BF1750B0079ECB1 /* baseball_300.png in Resources */ = {isa = PBXBuildFile; fileRef = B70F1EC91BF1750B0079ECB1 /* baseball_300.png */; };
		B70F1ECD1BF190BD0079ECB1 /* BYSPFSignupViewController.swift in Sources */ = {isa = PBXBuildFile; fileRef = B70F1ECC1BF190BD0079ECB1 /* BYSPFSignupViewController.swift */; };
		B70F1F401BF280710079ECB1 /* TeamLogoView.swift in Sources */ = {isa = PBXBuildFile; fileRef = B70F1F3F1BF280710079ECB1 /* TeamLogoView.swift */; };
		B719B2BE1BDAFD6C0044AF9D /* CreateLeagueViewController.swift in Sources */ = {isa = PBXBuildFile; fileRef = B719B2BD1BDAFD6C0044AF9D /* CreateLeagueViewController.swift */; };
		B719B2C01BDB05220044AF9D /* Helpers.swift in Sources */ = {isa = PBXBuildFile; fileRef = B719B2BF1BDB05220044AF9D /* Helpers.swift */; };
		B719B2C21BDBC09E0044AF9D /* TeamTableViewCell.swift in Sources */ = {isa = PBXBuildFile; fileRef = B719B2C11BDBC09E0044AF9D /* TeamTableViewCell.swift */; };
		B719B2C41BDBE8790044AF9D /* CreateCoachViewController.swift in Sources */ = {isa = PBXBuildFile; fileRef = B719B2C31BDBE8790044AF9D /* CreateCoachViewController.swift */; };
		B719B2C61BDD75D40044AF9D /* CreateGameViewController.swift in Sources */ = {isa = PBXBuildFile; fileRef = B719B2C51BDD75D40044AF9D /* CreateGameViewController.swift */; };
		B719B2CD1BDDBF3C0044AF9D /* SelectLeagueViewController.swift in Sources */ = {isa = PBXBuildFile; fileRef = B719B2CC1BDDBF3C0044AF9D /* SelectLeagueViewController.swift */; };
		B719B2CF1BDDCA110044AF9D /* SelectTeamViewController.swift in Sources */ = {isa = PBXBuildFile; fileRef = B719B2CE1BDDCA110044AF9D /* SelectTeamViewController.swift */; };
		B73877301BD4505C0093FD93 /* LeagueViewController.swift in Sources */ = {isa = PBXBuildFile; fileRef = B738772F1BD4505C0093FD93 /* LeagueViewController.swift */; };
		B73877321BD460EA0093FD93 /* Team.swift in Sources */ = {isa = PBXBuildFile; fileRef = B73877311BD460EA0093FD93 /* Team.swift */; };
		B73877351BD462620093FD93 /* ParseClient.swift in Sources */ = {isa = PBXBuildFile; fileRef = B73877341BD462620093FD93 /* ParseClient.swift */; };
		B73877371BD465A00093FD93 /* CoreDataContext.swift in Sources */ = {isa = PBXBuildFile; fileRef = B73877361BD465A00093FD93 /* CoreDataContext.swift */; };
		B772C0A31BC5ED4D00000ECF /* AppDelegate.swift in Sources */ = {isa = PBXBuildFile; fileRef = B772C0A21BC5ED4D00000ECF /* AppDelegate.swift */; };
		B772C0A51BC5ED4D00000ECF /* LoginViewController.swift in Sources */ = {isa = PBXBuildFile; fileRef = B772C0A41BC5ED4D00000ECF /* LoginViewController.swift */; };
		B772C0A81BC5ED4E00000ECF /* Main.storyboard in Resources */ = {isa = PBXBuildFile; fileRef = B772C0A61BC5ED4E00000ECF /* Main.storyboard */; };
		B772C0AB1BC5ED4E00000ECF /* BysGameStats.xcdatamodeld in Sources */ = {isa = PBXBuildFile; fileRef = B772C0A91BC5ED4E00000ECF /* BysGameStats.xcdatamodeld */; };
		B772C0AD1BC5ED4E00000ECF /* Assets.xcassets in Resources */ = {isa = PBXBuildFile; fileRef = B772C0AC1BC5ED4E00000ECF /* Assets.xcassets */; };
		B772C0B01BC5ED4E00000ECF /* LaunchScreen.storyboard in Resources */ = {isa = PBXBuildFile; fileRef = B772C0AE1BC5ED4E00000ECF /* LaunchScreen.storyboard */; };
		B772C0BD1BC5EDD500000ECF /* AudioToolbox.framework in Frameworks */ = {isa = PBXBuildFile; fileRef = B772C0BC1BC5EDD500000ECF /* AudioToolbox.framework */; };
		B772C0BF1BC5EDDD00000ECF /* CFNetwork.framework in Frameworks */ = {isa = PBXBuildFile; fileRef = B772C0BE1BC5EDDD00000ECF /* CFNetwork.framework */; };
		B772C0C11BC5EDE400000ECF /* CoreGraphics.framework in Frameworks */ = {isa = PBXBuildFile; fileRef = B772C0C01BC5EDE400000ECF /* CoreGraphics.framework */; };
		B772C0C31BC5EDEB00000ECF /* CoreLocation.framework in Frameworks */ = {isa = PBXBuildFile; fileRef = B772C0C21BC5EDEB00000ECF /* CoreLocation.framework */; };
		B772C0C51BC5EDF600000ECF /* QuartzCore.framework in Frameworks */ = {isa = PBXBuildFile; fileRef = B772C0C41BC5EDF600000ECF /* QuartzCore.framework */; };
		B772C0C71BC5EDFC00000ECF /* Security.framework in Frameworks */ = {isa = PBXBuildFile; fileRef = B772C0C61BC5EDFC00000ECF /* Security.framework */; };
		B772C0C91BC5EE0400000ECF /* StoreKit.framework in Frameworks */ = {isa = PBXBuildFile; fileRef = B772C0C81BC5EE0400000ECF /* StoreKit.framework */; };
		B772C0CB1BC5EE2500000ECF /* libz.tbd in Frameworks */ = {isa = PBXBuildFile; fileRef = B772C0CA1BC5EE2500000ECF /* libz.tbd */; };
		B772C0CD1BC5EE3000000ECF /* libsqlite3.tbd in Frameworks */ = {isa = PBXBuildFile; fileRef = B772C0CC1BC5EE3000000ECF /* libsqlite3.tbd */; };
		B774461D1BC5F43600C30759 /* SystemConfiguration.framework in Frameworks */ = {isa = PBXBuildFile; fileRef = B774461C1BC5F43600C30759 /* SystemConfiguration.framework */; };
		B778BFBF1BE12B2E00F7EAA8 /* Game.swift in Sources */ = {isa = PBXBuildFile; fileRef = B778BFBE1BE12B2E00F7EAA8 /* Game.swift */; };
		B778BFC11BE19D9E00F7EAA8 /* TeamViewController.swift in Sources */ = {isa = PBXBuildFile; fileRef = B778BFC01BE19D9E00F7EAA8 /* TeamViewController.swift */; };
		B778BFC31BE44C9700F7EAA8 /* LoadLeagueViewController.swift in Sources */ = {isa = PBXBuildFile; fileRef = B778BFC21BE44C9700F7EAA8 /* LoadLeagueViewController.swift */; };
		B77C192D1BD967AA0066F799 /* Coach.swift in Sources */ = {isa = PBXBuildFile; fileRef = B77C192C1BD967AA0066F799 /* Coach.swift */; };
		B7803A591BE52A48004EA29D /* GameTableViewCell.swift in Sources */ = {isa = PBXBuildFile; fileRef = B7803A581BE52A48004EA29D /* GameTableViewCell.swift */; };
		B7803A5B1BE5909C004EA29D /* AdminButton.swift in Sources */ = {isa = PBXBuildFile; fileRef = B7803A5A1BE5909C004EA29D /* AdminButton.swift */; };
		B7A1829E1BE63A85007AD603 /* ScheduleTableViewCell.swift in Sources */ = {isa = PBXBuildFile; fileRef = B7A1829D1BE63A85007AD603 /* ScheduleTableViewCell.swift */; };
		B7A182A01BE64540007AD603 /* VSRoundView.swift in Sources */ = {isa = PBXBuildFile; fileRef = B7A1829F1BE64540007AD603 /* VSRoundView.swift */; };
		B7A182A21BE6460A007AD603 /* LeagueScheduleViewController.swift in Sources */ = {isa = PBXBuildFile; fileRef = B7A182A11BE6460A007AD603 /* LeagueScheduleViewController.swift */; };
		B7A562A61BEE622B006176CB /* EditGameViewController.swift in Sources */ = {isa = PBXBuildFile; fileRef = B7A562A51BEE622B006176CB /* EditGameViewController.swift */; };
		B7AB60921BD86339001B46CF /* CreateTeamViewController.swift in Sources */ = {isa = PBXBuildFile; fileRef = B7AB60911BD86339001B46CF /* CreateTeamViewController.swift */; };
		B7AB60941BD86555001B46CF /* LeagueAdminViewController.swift in Sources */ = {isa = PBXBuildFile; fileRef = B7AB60931BD86555001B46CF /* LeagueAdminViewController.swift */; };
		B7B575401BF6CA550081ECBC /* CurrentWeather.swift in Sources */ = {isa = PBXBuildFile; fileRef = B7B5753F1BF6CA550081ECBC /* CurrentWeather.swift */; };
		B7B575421BF7CD950081ECBC /* ForecastClient.swift in Sources */ = {isa = PBXBuildFile; fileRef = B7B575411BF7CD950081ECBC /* ForecastClient.swift */; };
		B7DA140C1BF8B1BD000183E8 /* Bolts.framework in Frameworks */ = {isa = PBXBuildFile; fileRef = B7DA14051BF8B1BD000183E8 /* Bolts.framework */; };
		B7DA140D1BF8B1BD000183E8 /* FBSDKCoreKit.framework in Frameworks */ = {isa = PBXBuildFile; fileRef = B7DA14061BF8B1BD000183E8 /* FBSDKCoreKit.framework */; };
		B7DA140E1BF8B1BD000183E8 /* FBSDKLoginKit.framework in Frameworks */ = {isa = PBXBuildFile; fileRef = B7DA14071BF8B1BD000183E8 /* FBSDKLoginKit.framework */; };
		B7DA140F1BF8B1BD000183E8 /* Parse.framework in Frameworks */ = {isa = PBXBuildFile; fileRef = B7DA14081BF8B1BD000183E8 /* Parse.framework */; };
		B7DA14101BF8B1BD000183E8 /* ParseFacebookUtils.framework in Frameworks */ = {isa = PBXBuildFile; fileRef = B7DA14091BF8B1BD000183E8 /* ParseFacebookUtils.framework */; };
		B7DA14111BF8B1BD000183E8 /* ParseFacebookUtilsV4.framework in Frameworks */ = {isa = PBXBuildFile; fileRef = B7DA140A1BF8B1BD000183E8 /* ParseFacebookUtilsV4.framework */; };
		B7DA14121BF8B1BD000183E8 /* ParseUI.framework in Frameworks */ = {isa = PBXBuildFile; fileRef = B7DA140B1BF8B1BD000183E8 /* ParseUI.framework */; };
		B7E69D251BCB3AE8007DF0C0 /* BackgroundView.swift in Sources */ = {isa = PBXBuildFile; fileRef = B7E69D241BCB3AE8007DF0C0 /* BackgroundView.swift */; };
		B7E69D301BD1DB39007DF0C0 /* League.swift in Sources */ = {isa = PBXBuildFile; fileRef = B7E69D2F1BD1DB39007DF0C0 /* League.swift */; };
		B7E69D321BD1E0DB007DF0C0 /* CoreDataStackManager.swift in Sources */ = {isa = PBXBuildFile; fileRef = B7E69D311BD1E0DB007DF0C0 /* CoreDataStackManager.swift */; };
/* End PBXBuildFile section */

/* Begin PBXFileReference section */
		B70F1EC71BF02DF70079ECB1 /* BYSPFLoginViewController.swift */ = {isa = PBXFileReference; fileEncoding = 4; lastKnownFileType = sourcecode.swift; path = BYSPFLoginViewController.swift; sourceTree = "<group>"; };
		B70F1EC91BF1750B0079ECB1 /* baseball_300.png */ = {isa = PBXFileReference; lastKnownFileType = image.png; path = baseball_300.png; sourceTree = "<group>"; };
		B70F1ECC1BF190BD0079ECB1 /* BYSPFSignupViewController.swift */ = {isa = PBXFileReference; fileEncoding = 4; lastKnownFileType = sourcecode.swift; path = BYSPFSignupViewController.swift; sourceTree = "<group>"; };
		B70F1F3F1BF280710079ECB1 /* TeamLogoView.swift */ = {isa = PBXFileReference; fileEncoding = 4; lastKnownFileType = sourcecode.swift; path = TeamLogoView.swift; sourceTree = "<group>"; };
		B719B2BD1BDAFD6C0044AF9D /* CreateLeagueViewController.swift */ = {isa = PBXFileReference; fileEncoding = 4; lastKnownFileType = sourcecode.swift; path = CreateLeagueViewController.swift; sourceTree = "<group>"; };
		B719B2BF1BDB05220044AF9D /* Helpers.swift */ = {isa = PBXFileReference; fileEncoding = 4; lastKnownFileType = sourcecode.swift; path = Helpers.swift; sourceTree = "<group>"; };
		B719B2C11BDBC09E0044AF9D /* TeamTableViewCell.swift */ = {isa = PBXFileReference; fileEncoding = 4; lastKnownFileType = sourcecode.swift; path = TeamTableViewCell.swift; sourceTree = "<group>"; };
		B719B2C31BDBE8790044AF9D /* CreateCoachViewController.swift */ = {isa = PBXFileReference; fileEncoding = 4; lastKnownFileType = sourcecode.swift; path = CreateCoachViewController.swift; sourceTree = "<group>"; };
		B719B2C51BDD75D40044AF9D /* CreateGameViewController.swift */ = {isa = PBXFileReference; fileEncoding = 4; lastKnownFileType = sourcecode.swift; path = CreateGameViewController.swift; sourceTree = "<group>"; };
		B719B2CC1BDDBF3C0044AF9D /* SelectLeagueViewController.swift */ = {isa = PBXFileReference; fileEncoding = 4; lastKnownFileType = sourcecode.swift; path = SelectLeagueViewController.swift; sourceTree = "<group>"; };
		B719B2CE1BDDCA110044AF9D /* SelectTeamViewController.swift */ = {isa = PBXFileReference; fileEncoding = 4; lastKnownFileType = sourcecode.swift; path = SelectTeamViewController.swift; sourceTree = "<group>"; };
		B738772F1BD4505C0093FD93 /* LeagueViewController.swift */ = {isa = PBXFileReference; fileEncoding = 4; lastKnownFileType = sourcecode.swift; path = LeagueViewController.swift; sourceTree = "<group>"; };
		B73877311BD460EA0093FD93 /* Team.swift */ = {isa = PBXFileReference; fileEncoding = 4; lastKnownFileType = sourcecode.swift; path = Team.swift; sourceTree = "<group>"; };
		B73877341BD462620093FD93 /* ParseClient.swift */ = {isa = PBXFileReference; fileEncoding = 4; lastKnownFileType = sourcecode.swift; path = ParseClient.swift; sourceTree = "<group>"; };
		B73877361BD465A00093FD93 /* CoreDataContext.swift */ = {isa = PBXFileReference; fileEncoding = 4; lastKnownFileType = sourcecode.swift; path = CoreDataContext.swift; sourceTree = "<group>"; };
		B772C09F1BC5ED4D00000ECF /* BysGameStats.app */ = {isa = PBXFileReference; explicitFileType = wrapper.application; includeInIndex = 0; path = BysGameStats.app; sourceTree = BUILT_PRODUCTS_DIR; };
		B772C0A21BC5ED4D00000ECF /* AppDelegate.swift */ = {isa = PBXFileReference; lastKnownFileType = sourcecode.swift; path = AppDelegate.swift; sourceTree = "<group>"; };
		B772C0A41BC5ED4D00000ECF /* LoginViewController.swift */ = {isa = PBXFileReference; lastKnownFileType = sourcecode.swift; path = LoginViewController.swift; sourceTree = "<group>"; };
		B772C0A71BC5ED4E00000ECF /* Base */ = {isa = PBXFileReference; lastKnownFileType = file.storyboard; name = Base; path = Base.lproj/Main.storyboard; sourceTree = "<group>"; };
		B772C0AA1BC5ED4E00000ECF /* BysGameStats.xcdatamodel */ = {isa = PBXFileReference; lastKnownFileType = wrapper.xcdatamodel; path = BysGameStats.xcdatamodel; sourceTree = "<group>"; };
		B772C0AC1BC5ED4E00000ECF /* Assets.xcassets */ = {isa = PBXFileReference; lastKnownFileType = folder.assetcatalog; path = Assets.xcassets; sourceTree = "<group>"; };
		B772C0AF1BC5ED4E00000ECF /* Base */ = {isa = PBXFileReference; lastKnownFileType = file.storyboard; name = Base; path = Base.lproj/LaunchScreen.storyboard; sourceTree = "<group>"; };
		B772C0B11BC5ED4E00000ECF /* Info.plist */ = {isa = PBXFileReference; lastKnownFileType = text.plist.xml; path = Info.plist; sourceTree = "<group>"; };
		B772C0BC1BC5EDD500000ECF /* AudioToolbox.framework */ = {isa = PBXFileReference; lastKnownFileType = wrapper.framework; name = AudioToolbox.framework; path = System/Library/Frameworks/AudioToolbox.framework; sourceTree = SDKROOT; };
		B772C0BE1BC5EDDD00000ECF /* CFNetwork.framework */ = {isa = PBXFileReference; lastKnownFileType = wrapper.framework; name = CFNetwork.framework; path = System/Library/Frameworks/CFNetwork.framework; sourceTree = SDKROOT; };
		B772C0C01BC5EDE400000ECF /* CoreGraphics.framework */ = {isa = PBXFileReference; lastKnownFileType = wrapper.framework; name = CoreGraphics.framework; path = System/Library/Frameworks/CoreGraphics.framework; sourceTree = SDKROOT; };
		B772C0C21BC5EDEB00000ECF /* CoreLocation.framework */ = {isa = PBXFileReference; lastKnownFileType = wrapper.framework; name = CoreLocation.framework; path = System/Library/Frameworks/CoreLocation.framework; sourceTree = SDKROOT; };
		B772C0C41BC5EDF600000ECF /* QuartzCore.framework */ = {isa = PBXFileReference; lastKnownFileType = wrapper.framework; name = QuartzCore.framework; path = System/Library/Frameworks/QuartzCore.framework; sourceTree = SDKROOT; };
		B772C0C61BC5EDFC00000ECF /* Security.framework */ = {isa = PBXFileReference; lastKnownFileType = wrapper.framework; name = Security.framework; path = System/Library/Frameworks/Security.framework; sourceTree = SDKROOT; };
		B772C0C81BC5EE0400000ECF /* StoreKit.framework */ = {isa = PBXFileReference; lastKnownFileType = wrapper.framework; name = StoreKit.framework; path = System/Library/Frameworks/StoreKit.framework; sourceTree = SDKROOT; };
		B772C0CA1BC5EE2500000ECF /* libz.tbd */ = {isa = PBXFileReference; lastKnownFileType = "sourcecode.text-based-dylib-definition"; name = libz.tbd; path = usr/lib/libz.tbd; sourceTree = SDKROOT; };
		B772C0CC1BC5EE3000000ECF /* libsqlite3.tbd */ = {isa = PBXFileReference; lastKnownFileType = "sourcecode.text-based-dylib-definition"; name = libsqlite3.tbd; path = usr/lib/libsqlite3.tbd; sourceTree = SDKROOT; };
		B774461C1BC5F43600C30759 /* SystemConfiguration.framework */ = {isa = PBXFileReference; lastKnownFileType = wrapper.framework; name = SystemConfiguration.framework; path = System/Library/Frameworks/SystemConfiguration.framework; sourceTree = SDKROOT; };
		B778BFBE1BE12B2E00F7EAA8 /* Game.swift */ = {isa = PBXFileReference; fileEncoding = 4; lastKnownFileType = sourcecode.swift; path = Game.swift; sourceTree = "<group>"; };
		B778BFC01BE19D9E00F7EAA8 /* TeamViewController.swift */ = {isa = PBXFileReference; fileEncoding = 4; lastKnownFileType = sourcecode.swift; path = TeamViewController.swift; sourceTree = "<group>"; };
		B778BFC21BE44C9700F7EAA8 /* LoadLeagueViewController.swift */ = {isa = PBXFileReference; fileEncoding = 4; lastKnownFileType = sourcecode.swift; path = LoadLeagueViewController.swift; sourceTree = "<group>"; };
		B77C192C1BD967AA0066F799 /* Coach.swift */ = {isa = PBXFileReference; fileEncoding = 4; lastKnownFileType = sourcecode.swift; path = Coach.swift; sourceTree = "<group>"; };
		B7803A581BE52A48004EA29D /* GameTableViewCell.swift */ = {isa = PBXFileReference; fileEncoding = 4; lastKnownFileType = sourcecode.swift; path = GameTableViewCell.swift; sourceTree = "<group>"; };
		B7803A5A1BE5909C004EA29D /* AdminButton.swift */ = {isa = PBXFileReference; fileEncoding = 4; lastKnownFileType = sourcecode.swift; path = AdminButton.swift; sourceTree = "<group>"; };
		B7A1829D1BE63A85007AD603 /* ScheduleTableViewCell.swift */ = {isa = PBXFileReference; fileEncoding = 4; lastKnownFileType = sourcecode.swift; path = ScheduleTableViewCell.swift; sourceTree = "<group>"; };
		B7A1829F1BE64540007AD603 /* VSRoundView.swift */ = {isa = PBXFileReference; fileEncoding = 4; lastKnownFileType = sourcecode.swift; path = VSRoundView.swift; sourceTree = "<group>"; };
		B7A182A11BE6460A007AD603 /* LeagueScheduleViewController.swift */ = {isa = PBXFileReference; fileEncoding = 4; lastKnownFileType = sourcecode.swift; path = LeagueScheduleViewController.swift; sourceTree = "<group>"; };
		B7A562A51BEE622B006176CB /* EditGameViewController.swift */ = {isa = PBXFileReference; fileEncoding = 4; lastKnownFileType = sourcecode.swift; path = EditGameViewController.swift; sourceTree = "<group>"; };
		B7AB60911BD86339001B46CF /* CreateTeamViewController.swift */ = {isa = PBXFileReference; fileEncoding = 4; lastKnownFileType = sourcecode.swift; path = CreateTeamViewController.swift; sourceTree = "<group>"; };
		B7AB60931BD86555001B46CF /* LeagueAdminViewController.swift */ = {isa = PBXFileReference; fileEncoding = 4; lastKnownFileType = sourcecode.swift; path = LeagueAdminViewController.swift; sourceTree = "<group>"; };
		B7B5753F1BF6CA550081ECBC /* CurrentWeather.swift */ = {isa = PBXFileReference; fileEncoding = 4; lastKnownFileType = sourcecode.swift; path = CurrentWeather.swift; sourceTree = "<group>"; };
		B7B575411BF7CD950081ECBC /* ForecastClient.swift */ = {isa = PBXFileReference; fileEncoding = 4; lastKnownFileType = sourcecode.swift; path = ForecastClient.swift; sourceTree = "<group>"; };
		B7DA14051BF8B1BD000183E8 /* Bolts.framework */ = {isa = PBXFileReference; lastKnownFileType = wrapper.framework; path = Bolts.framework; sourceTree = "<group>"; };
		B7DA14061BF8B1BD000183E8 /* FBSDKCoreKit.framework */ = {isa = PBXFileReference; lastKnownFileType = wrapper.framework; path = FBSDKCoreKit.framework; sourceTree = "<group>"; };
		B7DA14071BF8B1BD000183E8 /* FBSDKLoginKit.framework */ = {isa = PBXFileReference; lastKnownFileType = wrapper.framework; path = FBSDKLoginKit.framework; sourceTree = "<group>"; };
		B7DA14081BF8B1BD000183E8 /* Parse.framework */ = {isa = PBXFileReference; lastKnownFileType = wrapper.framework; path = Parse.framework; sourceTree = "<group>"; };
		B7DA14091BF8B1BD000183E8 /* ParseFacebookUtils.framework */ = {isa = PBXFileReference; lastKnownFileType = wrapper.framework; path = ParseFacebookUtils.framework; sourceTree = "<group>"; };
		B7DA140A1BF8B1BD000183E8 /* ParseFacebookUtilsV4.framework */ = {isa = PBXFileReference; lastKnownFileType = wrapper.framework; path = ParseFacebookUtilsV4.framework; sourceTree = "<group>"; };
		B7DA140B1BF8B1BD000183E8 /* ParseUI.framework */ = {isa = PBXFileReference; lastKnownFileType = wrapper.framework; path = ParseUI.framework; sourceTree = "<group>"; };
		B7E69D241BCB3AE8007DF0C0 /* BackgroundView.swift */ = {isa = PBXFileReference; fileEncoding = 4; lastKnownFileType = sourcecode.swift; path = BackgroundView.swift; sourceTree = "<group>"; };
		B7E69D261BCBC830007DF0C0 /* Roboto-Medium.ttf */ = {isa = PBXFileReference; lastKnownFileType = file; path = "Roboto-Medium.ttf"; sourceTree = "<group>"; };
		B7E69D271BCBC830007DF0C0 /* Roboto-Regular.ttf */ = {isa = PBXFileReference; lastKnownFileType = file; path = "Roboto-Regular.ttf"; sourceTree = "<group>"; };
		B7E69D281BCBC830007DF0C0 /* Roboto-Thin.ttf */ = {isa = PBXFileReference; lastKnownFileType = file; path = "Roboto-Thin.ttf"; sourceTree = "<group>"; };
		B7E69D2F1BD1DB39007DF0C0 /* League.swift */ = {isa = PBXFileReference; fileEncoding = 4; lastKnownFileType = sourcecode.swift; path = League.swift; sourceTree = "<group>"; };
		B7E69D311BD1E0DB007DF0C0 /* CoreDataStackManager.swift */ = {isa = PBXFileReference; fileEncoding = 4; lastKnownFileType = sourcecode.swift; path = CoreDataStackManager.swift; sourceTree = "<group>"; };
/* End PBXFileReference section */

/* Begin PBXFrameworksBuildPhase section */
		B772C09C1BC5ED4D00000ECF /* Frameworks */ = {
			isa = PBXFrameworksBuildPhase;
			buildActionMask = 2147483647;
			files = (
				B774461D1BC5F43600C30759 /* SystemConfiguration.framework in Frameworks */,
				B772C0CD1BC5EE3000000ECF /* libsqlite3.tbd in Frameworks */,
				B7DA140E1BF8B1BD000183E8 /* FBSDKLoginKit.framework in Frameworks */,
				B772C0CB1BC5EE2500000ECF /* libz.tbd in Frameworks */,
				B772C0C91BC5EE0400000ECF /* StoreKit.framework in Frameworks */,
				B7DA14121BF8B1BD000183E8 /* ParseUI.framework in Frameworks */,
				B772C0C71BC5EDFC00000ECF /* Security.framework in Frameworks */,
				B772C0C51BC5EDF600000ECF /* QuartzCore.framework in Frameworks */,
				B7DA140D1BF8B1BD000183E8 /* FBSDKCoreKit.framework in Frameworks */,
				B7DA140F1BF8B1BD000183E8 /* Parse.framework in Frameworks */,
				B772C0C31BC5EDEB00000ECF /* CoreLocation.framework in Frameworks */,
				B772C0C11BC5EDE400000ECF /* CoreGraphics.framework in Frameworks */,
				B772C0BF1BC5EDDD00000ECF /* CFNetwork.framework in Frameworks */,
				B772C0BD1BC5EDD500000ECF /* AudioToolbox.framework in Frameworks */,
				B7DA14111BF8B1BD000183E8 /* ParseFacebookUtilsV4.framework in Frameworks */,
				B7DA14101BF8B1BD000183E8 /* ParseFacebookUtils.framework in Frameworks */,
				B7DA140C1BF8B1BD000183E8 /* Bolts.framework in Frameworks */,
			);
			runOnlyForDeploymentPostprocessing = 0;
		};
/* End PBXFrameworksBuildPhase section */

/* Begin PBXGroup section */
		B70F1ECB1BF175160079ECB1 /* images */ = {
			isa = PBXGroup;
			children = (
				B70F1EC91BF1750B0079ECB1 /* baseball_300.png */,
			);
			name = images;
			sourceTree = "<group>";
		};
		B719B2CB1BDDBEEC0044AF9D /* AdminControllers */ = {
			isa = PBXGroup;
			children = (
				B7AB60931BD86555001B46CF /* LeagueAdminViewController.swift */,
				B7AB60911BD86339001B46CF /* CreateTeamViewController.swift */,
				B719B2BD1BDAFD6C0044AF9D /* CreateLeagueViewController.swift */,
				B719B2C31BDBE8790044AF9D /* CreateCoachViewController.swift */,
				B719B2C51BDD75D40044AF9D /* CreateGameViewController.swift */,
				B719B2CC1BDDBF3C0044AF9D /* SelectLeagueViewController.swift */,
				B719B2CE1BDDCA110044AF9D /* SelectTeamViewController.swift */,
				B7A562A51BEE622B006176CB /* EditGameViewController.swift */,
			);
			name = AdminControllers;
			sourceTree = "<group>";
		};
		B73877331BD4624F0093FD93 /* Client */ = {
			isa = PBXGroup;
			children = (
				B73877341BD462620093FD93 /* ParseClient.swift */,
				B73877361BD465A00093FD93 /* CoreDataContext.swift */,
				B7B575411BF7CD950081ECBC /* ForecastClient.swift */,
			);
			name = Client;
			sourceTree = "<group>";
		};
		B772C0961BC5ED4D00000ECF = {
			isa = PBXGroup;
			children = (
				B772C0B71BC5ED8A00000ECF /* Frameworks */,
				B772C0A11BC5ED4D00000ECF /* BysGameStats */,
				B772C0A01BC5ED4D00000ECF /* Products */,
			);
			sourceTree = "<group>";
		};
		B772C0A01BC5ED4D00000ECF /* Products */ = {
			isa = PBXGroup;
			children = (
				B772C09F1BC5ED4D00000ECF /* BysGameStats.app */,
			);
			name = Products;
			sourceTree = "<group>";
		};
		B772C0A11BC5ED4D00000ECF /* BysGameStats */ = {
			isa = PBXGroup;
			children = (
				B7E69D1A1BCB244F007DF0C0 /* Model */,
				B7E69D1C1BCB2460007DF0C0 /* Controller */,
				B7E69D1B1BCB2458007DF0C0 /* View */,
				B7E69D1D1BCB2469007DF0C0 /* SupportingFiles */,
				B772C0A21BC5ED4D00000ECF /* AppDelegate.swift */,
				B772C0A61BC5ED4E00000ECF /* Main.storyboard */,
				B772C0AC1BC5ED4E00000ECF /* Assets.xcassets */,
				B772C0AE1BC5ED4E00000ECF /* LaunchScreen.storyboard */,
				B772C0B11BC5ED4E00000ECF /* Info.plist */,
				B772C0A91BC5ED4E00000ECF /* BysGameStats.xcdatamodeld */,
				B7E69D311BD1E0DB007DF0C0 /* CoreDataStackManager.swift */,
			);
			path = BysGameStats;
			sourceTree = "<group>";
		};
		B772C0B71BC5ED8A00000ECF /* Frameworks */ = {
			isa = PBXGroup;
			children = (
				B7DA14051BF8B1BD000183E8 /* Bolts.framework */,
				B7DA14061BF8B1BD000183E8 /* FBSDKCoreKit.framework */,
				B7DA14071BF8B1BD000183E8 /* FBSDKLoginKit.framework */,
				B7DA14081BF8B1BD000183E8 /* Parse.framework */,
				B7DA14091BF8B1BD000183E8 /* ParseFacebookUtils.framework */,
				B7DA140A1BF8B1BD000183E8 /* ParseFacebookUtilsV4.framework */,
				B7DA140B1BF8B1BD000183E8 /* ParseUI.framework */,
				B774461C1BC5F43600C30759 /* SystemConfiguration.framework */,
				B772C0CC1BC5EE3000000ECF /* libsqlite3.tbd */,
				B772C0CA1BC5EE2500000ECF /* libz.tbd */,
				B772C0C81BC5EE0400000ECF /* StoreKit.framework */,
				B772C0C61BC5EDFC00000ECF /* Security.framework */,
				B772C0C41BC5EDF600000ECF /* QuartzCore.framework */,
				B772C0C21BC5EDEB00000ECF /* CoreLocation.framework */,
				B772C0C01BC5EDE400000ECF /* CoreGraphics.framework */,
				B772C0BE1BC5EDDD00000ECF /* CFNetwork.framework */,
				B772C0BC1BC5EDD500000ECF /* AudioToolbox.framework */,
			);
			name = Frameworks;
			sourceTree = "<group>";
		};
		B7E69D1A1BCB244F007DF0C0 /* Model */ = {
			isa = PBXGroup;
			children = (
				B73877331BD4624F0093FD93 /* Client */,
				B7E69D2F1BD1DB39007DF0C0 /* League.swift */,
				B73877311BD460EA0093FD93 /* Team.swift */,
				B77C192C1BD967AA0066F799 /* Coach.swift */,
				B778BFBE1BE12B2E00F7EAA8 /* Game.swift */,
				B7B5753F1BF6CA550081ECBC /* CurrentWeather.swift */,
			);
			name = Model;
			sourceTree = "<group>";
		};
		B7E69D1B1BCB2458007DF0C0 /* View */ = {
			isa = PBXGroup;
			children = (
				B7E69D241BCB3AE8007DF0C0 /* BackgroundView.swift */,
				B719B2C11BDBC09E0044AF9D /* TeamTableViewCell.swift */,
				B7803A581BE52A48004EA29D /* GameTableViewCell.swift */,
				B7803A5A1BE5909C004EA29D /* AdminButton.swift */,
				B7A1829D1BE63A85007AD603 /* ScheduleTableViewCell.swift */,
				B7A1829F1BE64540007AD603 /* VSRoundView.swift */,
				B70F1EC71BF02DF70079ECB1 /* BYSPFLoginViewController.swift */,
				B70F1ECC1BF190BD0079ECB1 /* BYSPFSignupViewController.swift */,
				B70F1F3F1BF280710079ECB1 /* TeamLogoView.swift */,
			);
			name = View;
			sourceTree = "<group>";
		};
		B7E69D1C1BCB2460007DF0C0 /* Controller */ = {
			isa = PBXGroup;
			children = (
				B719B2CB1BDDBEEC0044AF9D /* AdminControllers */,
				B772C0A41BC5ED4D00000ECF /* LoginViewController.swift */,
				B738772F1BD4505C0093FD93 /* LeagueViewController.swift */,
				B778BFC01BE19D9E00F7EAA8 /* TeamViewController.swift */,
				B778BFC21BE44C9700F7EAA8 /* LoadLeagueViewController.swift */,
				B7A182A11BE6460A007AD603 /* LeagueScheduleViewController.swift */,
			);
			name = Controller;
			sourceTree = "<group>";
		};
		B7E69D1D1BCB2469007DF0C0 /* SupportingFiles */ = {
			isa = PBXGroup;
			children = (
				B70F1ECB1BF175160079ECB1 /* images */,
				B7E69D261BCBC830007DF0C0 /* Roboto-Medium.ttf */,
				B7E69D271BCBC830007DF0C0 /* Roboto-Regular.ttf */,
				B7E69D281BCBC830007DF0C0 /* Roboto-Thin.ttf */,
				B719B2BF1BDB05220044AF9D /* Helpers.swift */,
			);
			name = SupportingFiles;
			sourceTree = "<group>";
		};
/* End PBXGroup section */

/* Begin PBXNativeTarget section */
		B772C09E1BC5ED4D00000ECF /* BysGameStats */ = {
			isa = PBXNativeTarget;
			buildConfigurationList = B772C0B41BC5ED4E00000ECF /* Build configuration list for PBXNativeTarget "BysGameStats" */;
			buildPhases = (
				B772C09B1BC5ED4D00000ECF /* Sources */,
				B772C09C1BC5ED4D00000ECF /* Frameworks */,
				B772C09D1BC5ED4D00000ECF /* Resources */,
			);
			buildRules = (
			);
			dependencies = (
			);
			name = BysGameStats;
			productName = BysGameStats;
			productReference = B772C09F1BC5ED4D00000ECF /* BysGameStats.app */;
			productType = "com.apple.product-type.application";
		};
/* End PBXNativeTarget section */

/* Begin PBXProject section */
		B772C0971BC5ED4D00000ECF /* Project object */ = {
			isa = PBXProject;
			attributes = {
				LastUpgradeCheck = 0700;
				ORGANIZATIONNAME = "James Tench";
				TargetAttributes = {
					B772C09E1BC5ED4D00000ECF = {
						CreatedOnToolsVersion = 7.0;
						DevelopmentTeam = GPC39J93GH;
					};
				};
			};
			buildConfigurationList = B772C09A1BC5ED4D00000ECF /* Build configuration list for PBXProject "BysGameStats" */;
			compatibilityVersion = "Xcode 3.2";
			developmentRegion = English;
			hasScannedForEncodings = 0;
			knownRegions = (
				en,
				Base,
			);
			mainGroup = B772C0961BC5ED4D00000ECF;
			productRefGroup = B772C0A01BC5ED4D00000ECF /* Products */;
			projectDirPath = "";
			projectRoot = "";
			targets = (
				B772C09E1BC5ED4D00000ECF /* BysGameStats */,
			);
		};
/* End PBXProject section */

/* Begin PBXResourcesBuildPhase section */
		B772C09D1BC5ED4D00000ECF /* Resources */ = {
			isa = PBXResourcesBuildPhase;
			buildActionMask = 2147483647;
			files = (
				B772C0B01BC5ED4E00000ECF /* LaunchScreen.storyboard in Resources */,
				B772C0AD1BC5ED4E00000ECF /* Assets.xcassets in Resources */,
				B772C0A81BC5ED4E00000ECF /* Main.storyboard in Resources */,
				B70F1ECA1BF1750B0079ECB1 /* baseball_300.png in Resources */,
			);
			runOnlyForDeploymentPostprocessing = 0;
		};
/* End PBXResourcesBuildPhase section */

/* Begin PBXSourcesBuildPhase section */
		B772C09B1BC5ED4D00000ECF /* Sources */ = {
			isa = PBXSourcesBuildPhase;
			buildActionMask = 2147483647;
			files = (
				B70F1F401BF280710079ECB1 /* TeamLogoView.swift in Sources */,
				B719B2C61BDD75D40044AF9D /* CreateGameViewController.swift in Sources */,
				B719B2BE1BDAFD6C0044AF9D /* CreateLeagueViewController.swift in Sources */,
				B73877351BD462620093FD93 /* ParseClient.swift in Sources */,
				B7E69D251BCB3AE8007DF0C0 /* BackgroundView.swift in Sources */,
				B7A182A21BE6460A007AD603 /* LeagueScheduleViewController.swift in Sources */,
				B772C0A51BC5ED4D00000ECF /* LoginViewController.swift in Sources */,
				B719B2C41BDBE8790044AF9D /* CreateCoachViewController.swift in Sources */,
				B7B575401BF6CA550081ECBC /* CurrentWeather.swift in Sources */,
				B70F1ECD1BF190BD0079ECB1 /* BYSPFSignupViewController.swift in Sources */,
				B7A562A61BEE622B006176CB /* EditGameViewController.swift in Sources */,
				B77C192D1BD967AA0066F799 /* Coach.swift in Sources */,
				B7803A5B1BE5909C004EA29D /* AdminButton.swift in Sources */,
				B778BFC31BE44C9700F7EAA8 /* LoadLeagueViewController.swift in Sources */,
				B7AB60921BD86339001B46CF /* CreateTeamViewController.swift in Sources */,
				B772C0A31BC5ED4D00000ECF /* AppDelegate.swift in Sources */,
				B778BFC11BE19D9E00F7EAA8 /* TeamViewController.swift in Sources */,
				B7AB60941BD86555001B46CF /* LeagueAdminViewController.swift in Sources */,
				B73877301BD4505C0093FD93 /* LeagueViewController.swift in Sources */,
				B7A182A01BE64540007AD603 /* VSRoundView.swift in Sources */,
				B7A1829E1BE63A85007AD603 /* ScheduleTableViewCell.swift in Sources */,
				B7B575421BF7CD950081ECBC /* ForecastClient.swift in Sources */,
				B73877321BD460EA0093FD93 /* Team.swift in Sources */,
				B73877371BD465A00093FD93 /* CoreDataContext.swift in Sources */,
				B7E69D301BD1DB39007DF0C0 /* League.swift in Sources */,
				B719B2C21BDBC09E0044AF9D /* TeamTableViewCell.swift in Sources */,
				B719B2CF1BDDCA110044AF9D /* SelectTeamViewController.swift in Sources */,
				B778BFBF1BE12B2E00F7EAA8 /* Game.swift in Sources */,
				B772C0AB1BC5ED4E00000ECF /* BysGameStats.xcdatamodeld in Sources */,
				B70F1EC81BF02DF70079ECB1 /* BYSPFLoginViewController.swift in Sources */,
				B719B2CD1BDDBF3C0044AF9D /* SelectLeagueViewController.swift in Sources */,
				B719B2C01BDB05220044AF9D /* Helpers.swift in Sources */,
				B7E69D321BD1E0DB007DF0C0 /* CoreDataStackManager.swift in Sources */,
				B7803A591BE52A48004EA29D /* GameTableViewCell.swift in Sources */,
			);
			runOnlyForDeploymentPostprocessing = 0;
		};
/* End PBXSourcesBuildPhase section */

/* Begin PBXVariantGroup section */
		B772C0A61BC5ED4E00000ECF /* Main.storyboard */ = {
			isa = PBXVariantGroup;
			children = (
				B772C0A71BC5ED4E00000ECF /* Base */,
			);
			name = Main.storyboard;
			sourceTree = "<group>";
		};
		B772C0AE1BC5ED4E00000ECF /* LaunchScreen.storyboard */ = {
			isa = PBXVariantGroup;
			children = (
				B772C0AF1BC5ED4E00000ECF /* Base */,
			);
			name = LaunchScreen.storyboard;
			sourceTree = "<group>";
		};
/* End PBXVariantGroup section */

/* Begin XCBuildConfiguration section */
		B772C0B21BC5ED4E00000ECF /* Debug */ = {
			isa = XCBuildConfiguration;
			buildSettings = {
				ALWAYS_SEARCH_USER_PATHS = NO;
				CLANG_CXX_LANGUAGE_STANDARD = "gnu++0x";
				CLANG_CXX_LIBRARY = "libc++";
				CLANG_ENABLE_MODULES = YES;
				CLANG_ENABLE_OBJC_ARC = YES;
				CLANG_WARN_BOOL_CONVERSION = YES;
				CLANG_WARN_CONSTANT_CONVERSION = YES;
				CLANG_WARN_DIRECT_OBJC_ISA_USAGE = YES_ERROR;
				CLANG_WARN_EMPTY_BODY = YES;
				CLANG_WARN_ENUM_CONVERSION = YES;
				CLANG_WARN_INT_CONVERSION = YES;
				CLANG_WARN_OBJC_ROOT_CLASS = YES_ERROR;
				CLANG_WARN_UNREACHABLE_CODE = YES;
				CLANG_WARN__DUPLICATE_METHOD_MATCH = YES;
				"CODE_SIGN_IDENTITY[sdk=iphoneos*]" = "iPhone Developer";
				COPY_PHASE_STRIP = NO;
				DEBUG_INFORMATION_FORMAT = dwarf;
				ENABLE_STRICT_OBJC_MSGSEND = YES;
				ENABLE_TESTABILITY = YES;
				GCC_C_LANGUAGE_STANDARD = gnu99;
				GCC_DYNAMIC_NO_PIC = NO;
				GCC_NO_COMMON_BLOCKS = YES;
				GCC_OPTIMIZATION_LEVEL = 0;
				GCC_PREPROCESSOR_DEFINITIONS = (
					"DEBUG=1",
					"$(inherited)",
				);
				GCC_WARN_64_TO_32_BIT_CONVERSION = YES;
				GCC_WARN_ABOUT_RETURN_TYPE = YES_ERROR;
				GCC_WARN_UNDECLARED_SELECTOR = YES;
				GCC_WARN_UNINITIALIZED_AUTOS = YES_AGGRESSIVE;
				GCC_WARN_UNUSED_FUNCTION = YES;
				GCC_WARN_UNUSED_VARIABLE = YES;
				IPHONEOS_DEPLOYMENT_TARGET = 9.0;
				MTL_ENABLE_DEBUG_INFO = YES;
				ONLY_ACTIVE_ARCH = YES;
				SDKROOT = iphoneos;
				SWIFT_OPTIMIZATION_LEVEL = "-Onone";
				TARGETED_DEVICE_FAMILY = "1,2";
			};
			name = Debug;
		};
		B772C0B31BC5ED4E00000ECF /* Release */ = {
			isa = XCBuildConfiguration;
			buildSettings = {
				ALWAYS_SEARCH_USER_PATHS = NO;
				CLANG_CXX_LANGUAGE_STANDARD = "gnu++0x";
				CLANG_CXX_LIBRARY = "libc++";
				CLANG_ENABLE_MODULES = YES;
				CLANG_ENABLE_OBJC_ARC = YES;
				CLANG_WARN_BOOL_CONVERSION = YES;
				CLANG_WARN_CONSTANT_CONVERSION = YES;
				CLANG_WARN_DIRECT_OBJC_ISA_USAGE = YES_ERROR;
				CLANG_WARN_EMPTY_BODY = YES;
				CLANG_WARN_ENUM_CONVERSION = YES;
				CLANG_WARN_INT_CONVERSION = YES;
				CLANG_WARN_OBJC_ROOT_CLASS = YES_ERROR;
				CLANG_WARN_UNREACHABLE_CODE = YES;
				CLANG_WARN__DUPLICATE_METHOD_MATCH = YES;
				"CODE_SIGN_IDENTITY[sdk=iphoneos*]" = "iPhone Developer";
				COPY_PHASE_STRIP = NO;
				DEBUG_INFORMATION_FORMAT = "dwarf-with-dsym";
				ENABLE_NS_ASSERTIONS = NO;
				ENABLE_STRICT_OBJC_MSGSEND = YES;
				GCC_C_LANGUAGE_STANDARD = gnu99;
				GCC_NO_COMMON_BLOCKS = YES;
				GCC_WARN_64_TO_32_BIT_CONVERSION = YES;
				GCC_WARN_ABOUT_RETURN_TYPE = YES_ERROR;
				GCC_WARN_UNDECLARED_SELECTOR = YES;
				GCC_WARN_UNINITIALIZED_AUTOS = YES_AGGRESSIVE;
				GCC_WARN_UNUSED_FUNCTION = YES;
				GCC_WARN_UNUSED_VARIABLE = YES;
				IPHONEOS_DEPLOYMENT_TARGET = 9.0;
				MTL_ENABLE_DEBUG_INFO = NO;
				SDKROOT = iphoneos;
				TARGETED_DEVICE_FAMILY = "1,2";
				VALIDATE_PRODUCT = YES;
			};
			name = Release;
		};
		B772C0B51BC5ED4E00000ECF /* Debug */ = {
			isa = XCBuildConfiguration;
			buildSettings = {
				ASSETCATALOG_COMPILER_APPICON_NAME = AppIcon;
				FRAMEWORK_SEARCH_PATHS = (
					"$(inherited)",
					"$(PROJECT_DIR)",
				);
				INFOPLIST_FILE = BysGameStats/Info.plist;
				LD_RUNPATH_SEARCH_PATHS = "$(inherited) @executable_path/Frameworks";
				PRODUCT_BUNDLE_IDENTIFIER = com.tenchjames.BysGameStats;
				PRODUCT_NAME = "$(TARGET_NAME)";
			};
			name = Debug;
		};
		B772C0B61BC5ED4E00000ECF /* Release */ = {
			isa = XCBuildConfiguration;
			buildSettings = {
				ASSETCATALOG_COMPILER_APPICON_NAME = AppIcon;
				FRAMEWORK_SEARCH_PATHS = (
					"$(inherited)",
					"$(PROJECT_DIR)",
				);
				INFOPLIST_FILE = BysGameStats/Info.plist;
				LD_RUNPATH_SEARCH_PATHS = "$(inherited) @executable_path/Frameworks";
				PRODUCT_BUNDLE_IDENTIFIER = com.tenchjames.BysGameStats;
				PRODUCT_NAME = "$(TARGET_NAME)";
			};
			name = Release;
		};
/* End XCBuildConfiguration section */

/* Begin XCConfigurationList section */
		B772C09A1BC5ED4D00000ECF /* Build configuration list for PBXProject "BysGameStats" */ = {
			isa = XCConfigurationList;
			buildConfigurations = (
				B772C0B21BC5ED4E00000ECF /* Debug */,
				B772C0B31BC5ED4E00000ECF /* Release */,
			);
			defaultConfigurationIsVisible = 0;
			defaultConfigurationName = Release;
		};
		B772C0B41BC5ED4E00000ECF /* Build configuration list for PBXNativeTarget "BysGameStats" */ = {
			isa = XCConfigurationList;
			buildConfigurations = (
				B772C0B51BC5ED4E00000ECF /* Debug */,
				B772C0B61BC5ED4E00000ECF /* Release */,
			);
			defaultConfigurationIsVisible = 0;
			defaultConfigurationName = Release;
		};
/* End XCConfigurationList section */

/* Begin XCVersionGroup section */
		B772C0A91BC5ED4E00000ECF /* BysGameStats.xcdatamodeld */ = {
			isa = XCVersionGroup;
			children = (
				B772C0AA1BC5ED4E00000ECF /* BysGameStats.xcdatamodel */,
			);
			currentVersion = B772C0AA1BC5ED4E00000ECF /* BysGameStats.xcdatamodel */;
			path = BysGameStats.xcdatamodeld;
			sourceTree = "<group>";
			versionGroupType = wrapper.xcdatamodel;
		};
/* End XCVersionGroup section */
	};
	rootObject = B772C0971BC5ED4D00000ECF /* Project object */;
}
